<?xml version="1.0" encoding="utf-8"?>
<Project ToolsVersion="4.0" xmlns="http://schemas.microsoft.com/developer/msbuild/2003">
  <ItemGroup>
    <Filter Include="core">
      <UniqueIdentifier>{4E40957C-3A77-960D-E363-7C10CF79120F}</UniqueIdentifier>
    </Filter>
    <Filter Include="third_party">
      <UniqueIdentifier>{0FB18DF1-7B66-06E7-045B-00BE700FFDEA}</UniqueIdentifier>
    </Filter>
    <Filter Include="third_party\imgui">
      <UniqueIdentifier>{B90D4423-2524-42B9-6E9B-CDDADAF01241}</UniqueIdentifier>
    </Filter>
  </ItemGroup>
  <ItemGroup>
    <ClInclude Include="src\Engine.h" />
    <ClInclude Include="src\EnginePch.h" />
    <ClInclude Include="src\core\Application.h">
      <Filter>core</Filter>
    </ClInclude>
    <ClInclude Include="src\core\Base.h">
      <Filter>core</Filter>
    </ClInclude>
    <ClInclude Include="src\core\EntryPoint.h">
      <Filter>core</Filter>
    </ClInclude>
    <ClInclude Include="src\core\Layer.h">
      <Filter>core</Filter>
    </ClInclude>
    <ClInclude Include="src\core\Log.h">
      <Filter>core</Filter>
    </ClInclude>
    <ClInclude Include="src\core\Window.h">
      <Filter>core</Filter>
    </ClInclude>
    <ClInclude Include="src\third_party\imgui\imgui_layer.h">
      <Filter>third_party\imgui</Filter>
    </ClInclude>
  </ItemGroup>
  <ItemGroup>
    <ClCompile Include="src\EnginePch.cpp" />
    <ClCompile Include="src\core\Application.cpp">
      <Filter>core</Filter>
    </ClCompile>
    <ClCompile Include="src\core\Layer.cpp">
      <Filter>core</Filter>
    </ClCompile>
    <ClCompile Include="src\core\Log.cpp">
      <Filter>core</Filter>
    </ClCompile>
    <ClCompile Include="src\core\Window.cpp">
      <Filter>core</Filter>
    </ClCompile>
    <ClCompile Include="src\third_party\imgui\imgui_build.cpp">
      <Filter>third_party\imgui</Filter>
    </ClCompile>
    <ClCompile Include="src\third_party\imgui\imgui_layer.cpp">
      <Filter>third_party\imgui</Filter>
    </ClCompile>
  </ItemGroup>
</Project>