<?xml version="1.0" encoding="utf-8"?>
<Project ToolsVersion="4.0" xmlns="http://schemas.microsoft.com/developer/msbuild/2003">
  <ItemGroup>
    <Filter Include="file">
      <UniqueIdentifier>{25CB967C-1102-980D-BAEE-7D10A604140F}</UniqueIdentifier>
    </Filter>
    <Filter Include="scene">
      <UniqueIdentifier>{D3075810-3F1C-80C1-089E-232174717CF2}</UniqueIdentifier>
    </Filter>
    <Filter Include="ui">
      <UniqueIdentifier>{C3795900-AF05-880B-18B4-880B045F880B}</UniqueIdentifier>
    </Filter>
    <Filter Include="utils">
      <UniqueIdentifier>{169C8510-82B0-ADC1-4B32-5121B705AAF2}</UniqueIdentifier>
    </Filter>
  </ItemGroup>
  <ItemGroup>
    <ClInclude Include="src\EditorLayer.h" />
    <ClInclude Include="src\file\Project.h">
      <Filter>file</Filter>
    </ClInclude>
    <ClInclude Include="src\renderer_pch.h" />
    <ClInclude Include="src\scene\ViewportCamera.h">
      <Filter>scene</Filter>
    </ClInclude>
    <ClInclude Include="src\ui\ContentBrowserPanel.h">
      <Filter>ui</Filter>
    </ClInclude>
    <ClInclude Include="src\ui\InspectorPanel.h">
      <Filter>ui</Filter>
    </ClInclude>
    <ClInclude Include="src\ui\SceneHierarchyPanel.h">
      <Filter>ui</Filter>
    </ClInclude>
    <ClInclude Include="src\ui\SceneSelectionContext.h">
      <Filter>ui</Filter>
    </ClInclude>
    <ClInclude Include="src\ui\SceneViewportPanel.h">
      <Filter>ui</Filter>
    </ClInclude>
    <ClInclude Include="src\ui\UIColorPanel.h">
      <Filter>ui</Filter>
    </ClInclude>
    <ClInclude Include="src\utils\FileDialogs.h">
      <Filter>utils</Filter>
    </ClInclude>
  </ItemGroup>
  <ItemGroup>
    <ClCompile Include="src\EditorApp.cpp" />
    <ClCompile Include="src\EditorLayer.cpp" />
    <ClCompile Include="src\file\Project.cpp">
      <Filter>file</Filter>
    </ClCompile>
    <ClCompile Include="src\renderer_pch.cpp" />
    <ClCompile Include="src\scene\ViewportCamera.cpp">
      <Filter>scene</Filter>
    </ClCompile>
    <ClCompile Include="src\ui\ContentBrowserPanel.cpp">
      <Filter>ui</Filter>
    </ClCompile>
    <ClCompile Include="src\ui\InspectorPanel.cpp">
      <Filter>ui</Filter>
    </ClCompile>
    <ClCompile Include="src\ui\SceneHierarchyPanel.cpp">
      <Filter>ui</Filter>
    </ClCompile>
    <ClCompile Include="src\ui\SceneViewportPanel.cpp">
      <Filter>ui</Filter>
    </ClCompile>
    <ClCompile Include="src\ui\UIColorPanel.cpp">
      <Filter>ui</Filter>
    </ClCompile>
    <ClCompile Include="src\utils\FileDialogs.cpp">
      <Filter>utils</Filter>
    </ClCompile>
  </ItemGroup>
</Project>