<?xml version="1.0" encoding="utf-8"?>
<Project ToolsVersion="4.0" xmlns="http://schemas.microsoft.com/developer/msbuild/2003">
  <ItemGroup>
    <Filter Include="scene">
      <UniqueIdentifier>{D3075810-3F1C-80C1-089E-232174717CF2}</UniqueIdentifier>
    </Filter>
    <Filter Include="ui">
      <UniqueIdentifier>{C3795900-AF05-880B-18B4-880B045F880B}</UniqueIdentifier>
    </Filter>
  </ItemGroup>
  <ItemGroup>
    <ClInclude Include="src\EditorLayer.h" />
    <ClInclude Include="src\renderer_pch.h" />
    <ClInclude Include="src\scene\ViewportCamera.h">
      <Filter>scene</Filter>
    </ClInclude>
    <ClInclude Include="src\ui\SceneHierarchyPanel.h">
      <Filter>ui</Filter>
    </ClInclude>
    <ClInclude Include="src\ui\SceneSelectionContext.h">
      <Filter>ui</Filter>
    </ClInclude>
    <ClInclude Include="src\ui\SceneViewportPanel.h">
      <Filter>ui</Filter>
    </ClInclude>
    <ClInclude Include="src\utils\FileDialogs.h" />
    <ClInclude Include="src\ui\ContentBrowserPanel.h" />
    <ClInclude Include="src\file\Project.h" />
  </ItemGroup>
  <ItemGroup>
    <ClCompile Include="src\EditorApp.cpp" />
    <ClCompile Include="src\EditorLayer.cpp" />
    <ClCompile Include="src\renderer_pch.cpp" />
    <ClCompile Include="src\scene\ViewportCamera.cpp">
      <Filter>scene</Filter>
    </ClCompile>
    <ClCompile Include="src\ui\SceneHierarchyPanel.cpp">
      <Filter>ui</Filter>
    </ClCompile>
    <ClCompile Include="src\ui\SceneViewportPanel.cpp">
      <Filter>ui</Filter>
    </ClCompile>
    <ClCompile Include="src\utils\FileDialogs.cpp" />
    <ClCompile Include="src\ui\ContentBrowserPanel.cpp" />
    <ClCompile Include="src\file\Project.cpp" />
  </ItemGroup>
</Project>