<?xml version="1.0" encoding="utf-8"?>
<Project ToolsVersion="4.0" xmlns="http://schemas.microsoft.com/developer/msbuild/2003">
  <ItemGroup>
    <Filter Include="file">
      <UniqueIdentifier>{25CB967C-1102-980D-BAEE-7D10A604140F}</UniqueIdentifier>
    </Filter>
    <Filter Include="project">
      <UniqueIdentifier>{7CC43AC3-E8A3-B95E-F1BB-44355D1A20C0}</UniqueIdentifier>
    </Filter>
    <Filter Include="scene">
      <UniqueIdentifier>{D3075810-3F1C-80C1-089E-232174717CF2}</UniqueIdentifier>
    </Filter>
    <Filter Include="ui">
      <UniqueIdentifier>{C3795900-AF05-880B-18B4-880B045F880B}</UniqueIdentifier>
    </Filter>
    <Filter Include="ui\asset">
      <UniqueIdentifier>{B2442B7D-9E11-8688-C72A-7430B356BB16}</UniqueIdentifier>
    </Filter>
    <Filter Include="ui\viewport">
      <UniqueIdentifier>{72AC3357-DE61-AC4C-6756-A623D30AA350}</UniqueIdentifier>
    </Filter>
    <Filter Include="utils">
      <UniqueIdentifier>{169C8510-82B0-ADC1-4B32-5121B705AAF2}</UniqueIdentifier>
    </Filter>
  </ItemGroup>
  <ItemGroup>
    <ClInclude Include="src\EditorLayer.h" />
    <ClInclude Include="src\file\Project.h">
      <Filter>file</Filter>
    </ClInclude>
    <ClInclude Include="src\project\EditorProjectBootstrap.h">
      <Filter>project</Filter>
    </ClInclude>
    <ClInclude Include="src\renderer_pch.h" />
    <ClInclude Include="src\scene\EditorGridPass.h">
      <Filter>scene</Filter>
    </ClInclude>
    <ClInclude Include="src\scene\EditorRenderer.h">
      <Filter>scene</Filter>
    </ClInclude>
    <ClInclude Include="src\scene\ViewportCamera.h">
      <Filter>scene</Filter>
    </ClInclude>
    <ClInclude Include="src\scene\ViewportPickingPass.h">
      <Filter>scene</Filter>
    </ClInclude>
    <ClInclude Include="src\ui\ContentBrowserPanel.h">
      <Filter>ui</Filter>
    </ClInclude>
    <ClInclude Include="src\ui\EditorSelectionContext.h">
      <Filter>ui</Filter>
    </ClInclude>
    <ClInclude Include="src\ui\IBLPreviewPanel.h">
      <Filter>ui</Filter>
    </ClInclude>
    <ClInclude Include="src\ui\InspectorPanel.h">
      <Filter>ui</Filter>
    </ClInclude>
    <ClInclude Include="src\ui\SceneRenderSettingsPanel.h">
      <Filter>ui</Filter>
    </ClInclude>
    <ClInclude Include="src\ui\SceneHierarchyPanel.h">
      <Filter>ui</Filter>
    </ClInclude>
    <ClInclude Include="src\ui\SceneSelectionContext.h">
      <Filter>ui</Filter>
    </ClInclude>
    <ClInclude Include="src\ui\SvgIconAtlas.h">
      <Filter>ui</Filter>
    </ClInclude>
    <ClInclude Include="src\ui\ThumbnailCache.h">
      <Filter>ui</Filter>
    </ClInclude>
    <ClInclude Include="src\ui\UIAttributeUtil.h">
      <Filter>ui</Filter>
    </ClInclude>
    <ClInclude Include="src\ui\UIColorPanel.h">
      <Filter>ui</Filter>
    </ClInclude>
    <ClInclude Include="src\ui\asset\AssetDragDrop.h">
      <Filter>ui\asset</Filter>
    </ClInclude>
    <ClInclude Include="src\ui\asset\AssetEditorManager.h">
      <Filter>ui\asset</Filter>
    </ClInclude>
    <ClInclude Include="src\ui\asset\AssetEditorUtils.h">
      <Filter>ui\asset</Filter>
    </ClInclude>
    <ClInclude Include="src\ui\asset\IAssetEditor.h">
      <Filter>ui\asset</Filter>
    </ClInclude>
    <ClInclude Include="src\ui\asset\MaterialAssetEditor.h">
      <Filter>ui\asset</Filter>
    </ClInclude>
    <ClInclude Include="src\ui\asset\MeshAssetEditor.h">
      <Filter>ui\asset</Filter>
    </ClInclude>
    <ClInclude Include="src\ui\asset\TextureAssetEditor.h">
      <Filter>ui\asset</Filter>
    </ClInclude>
    <ClInclude Include="src\ui\viewport\EditorGizmoController.h">
      <Filter>ui\viewport</Filter>
    </ClInclude>
    <ClInclude Include="src\ui\viewport\EditorPickRegistry.h">
      <Filter>ui\viewport</Filter>
    </ClInclude>
    <ClInclude Include="src\ui\viewport\EditorViewportPanel.h">
      <Filter>ui\viewport</Filter>
    </ClInclude>
    <ClInclude Include="src\ui\viewport\EditorViewportSurface.h">
      <Filter>ui\viewport</Filter>
    </ClInclude>
    <ClInclude Include="src\ui\viewport\ViewportInstance.h">
      <Filter>ui\viewport</Filter>
    </ClInclude>
    <ClInclude Include="src\utils\FileDialogs.h">
      <Filter>utils</Filter>
    </ClInclude>
  </ItemGroup>
  <ItemGroup>
    <ClCompile Include="src\EditorApp.cpp" />
    <ClCompile Include="src\EditorLayer.cpp" />
    <ClCompile Include="src\file\Project.cpp">
      <Filter>file</Filter>
    </ClCompile>
    <ClCompile Include="src\project\EditorProjectBootstrap.cpp">
      <Filter>project</Filter>
    </ClCompile>
    <ClCompile Include="src\renderer_pch.cpp" />
    <ClCompile Include="src\scene\EditorGridPass.cpp">
      <Filter>scene</Filter>
    </ClCompile>
    <ClCompile Include="src\scene\EditorRenderer.cpp">
      <Filter>scene</Filter>
    </ClCompile>
    <ClCompile Include="src\scene\ViewportCamera.cpp">
      <Filter>scene</Filter>
    </ClCompile>
    <ClCompile Include="src\scene\ViewportPickingPass.cpp">
      <Filter>scene</Filter>
    </ClCompile>
    <ClCompile Include="src\ui\ContentBrowserPanel.cpp">
      <Filter>ui</Filter>
    </ClCompile>
    <ClCompile Include="src\ui\EditorSelectionContext.cpp">
      <Filter>ui</Filter>
    </ClCompile>
    <ClCompile Include="src\ui\IBLPreviewPanel.cpp">
      <Filter>ui</Filter>
    </ClCompile>
    <ClCompile Include="src\ui\InspectorPanel.cpp">
      <Filter>ui</Filter>
    </ClCompile>
    <ClCompile Include="src\ui\SceneRenderSettingsPanel.cpp">
      <Filter>ui</Filter>
    </ClCompile>
    <ClCompile Include="src\ui\SceneHierarchyPanel.cpp">
      <Filter>ui</Filter>
    </ClCompile>
    <ClCompile Include="src\ui\SvgIconAtlas.cpp">
      <Filter>ui</Filter>
    </ClCompile>
    <ClCompile Include="src\ui\ThumbnailCache.cpp">
      <Filter>ui</Filter>
    </ClCompile>
    <ClCompile Include="src\ui\UIAttributeUtil.cpp">
      <Filter>ui</Filter>
    </ClCompile>
    <ClCompile Include="src\ui\UIColorPanel.cpp">
      <Filter>ui</Filter>
    </ClCompile>
    <ClCompile Include="src\ui\asset\AssetEditorManager.cpp">
      <Filter>ui\asset</Filter>
    </ClCompile>
    <ClCompile Include="src\ui\asset\MaterialAssetEditor.cpp">
      <Filter>ui\asset</Filter>
    </ClCompile>
    <ClCompile Include="src\ui\asset\MeshAssetEditor.cpp">
      <Filter>ui\asset</Filter>
    </ClCompile>
    <ClCompile Include="src\ui\asset\TextureAssetEditor.cpp">
      <Filter>ui\asset</Filter>
    </ClCompile>
    <ClCompile Include="src\ui\viewport\EditorGizmoController.cpp">
      <Filter>ui\viewport</Filter>
    </ClCompile>
    <ClCompile Include="src\ui\viewport\EditorPickRegistry.cpp">
      <Filter>ui\viewport</Filter>
    </ClCompile>
    <ClCompile Include="src\ui\viewport\EditorViewportPanel.cpp">
      <Filter>ui\viewport</Filter>
    </ClCompile>
    <ClCompile Include="src\ui\viewport\EditorViewportSurface.cpp">
      <Filter>ui\viewport</Filter>
    </ClCompile>
    <ClCompile Include="src\ui\viewport\ViewportInstance.cpp">
      <Filter>ui\viewport</Filter>
    </ClCompile>
    <ClCompile Include="src\utils\FileDialogs.cpp">
      <Filter>utils</Filter>
    </ClCompile>
  </ItemGroup>
</Project>
